
Microsoft Visual Studio Solution File, Format Version 12.00
# Visual Studio Version 17
VisualStudioVersion = 17.0.31903.59
MinimumVisualStudioVersion = 10.0.40219.1
Project("{FAE04EC0-301F-11D3-BF4B-00C04F79EFBC}") = "application", "Api.Application\application.csproj", "{F5FBD7FD-2857-43FE-979C-87D5ED8350E4}"
EndProject
Project("{FAE04EC0-301F-11D3-BF4B-00C04F79EFBC}") = "Domain", "Api.Domain\Domain.csproj", "{01C9B533-B3C4-4E6C-97A6-EE78E6A1B46B}"
EndProject
Project("{FAE04EC0-301F-11D3-BF4B-00C04F79EFBC}") = "CrossCutting", "Api.CrossCuting\CrossCutting.csproj", "{8313A359-D8E9-4672-BC25-04C105302DD8}"
EndProject
Project("{FAE04EC0-301F-11D3-BF4B-00C04F79EFBC}") = "Date", "Api.Date\Date.csproj", "{D00144F0-8425-42D5-AE7B-F505176E0F3E}"
EndProject
Project("{FAE04EC0-301F-11D3-BF4B-00C04F79EFBC}") = "Service", "Api.Service\Service.csproj", "{73C45723-6F34-4369-8649-BFA7D639DEF6}"
EndProject
Project("{FAE04EC0-301F-11D3-BF4B-00C04F79EFBC}") = "Api.Data.Test", "Api.Data.Test\Api.Data.Test.csproj", "{5FD7E728-0ED9-4025-B86A-51F80387746B}"
EndProject
Project("{FAE04EC0-301F-11D3-BF4B-00C04F79EFBC}") = "Api.Service.Test", "Api.Service.Test\Api.Service.Test.csproj", "{A745B151-4DDA-4C49-818C-CB0859AA8DCB}"
EndProject
Project("{FAE04EC0-301F-11D3-BF4B-00C04F79EFBC}") = "Api.Application.Test", "Api.Application.Test\Api.Application.Test.csproj", "{3CBBE691-4A60-4922-BD58-5F92455193DF}"
EndProject
Project("{FAE04EC0-301F-11D3-BF4B-00C04F79EFBC}") = "Api.Integration.Test", "Api.Integration.Test\Api.Integration.Test.csproj", "{3839C95D-AC21-4464-9BF9-24E7386A055E}"
EndProject
Global
	GlobalSection(SolutionConfigurationPlatforms) = preSolution
		Debug|Any CPU = Debug|Any CPU
		Release|Any CPU = Release|Any CPU
	EndGlobalSection
	GlobalSection(SolutionProperties) = preSolution
		HideSolutionNode = FALSE
	EndGlobalSection
	GlobalSection(ProjectConfigurationPlatforms) = postSolution
		{F5FBD7FD-2857-43FE-979C-87D5ED8350E4}.Debug|Any CPU.ActiveCfg = Debug|Any CPU
		{F5FBD7FD-2857-43FE-979C-87D5ED8350E4}.Debug|Any CPU.Build.0 = Debug|Any CPU
		{F5FBD7FD-2857-43FE-979C-87D5ED8350E4}.Release|Any CPU.ActiveCfg = Release|Any CPU
		{F5FBD7FD-2857-43FE-979C-87D5ED8350E4}.Release|Any CPU.Build.0 = Release|Any CPU
		{01C9B533-B3C4-4E6C-97A6-EE78E6A1B46B}.Debug|Any CPU.ActiveCfg = Debug|Any CPU
		{01C9B533-B3C4-4E6C-97A6-EE78E6A1B46B}.Debug|Any CPU.Build.0 = Debug|Any CPU
		{01C9B533-B3C4-4E6C-97A6-EE78E6A1B46B}.Release|Any CPU.ActiveCfg = Release|Any CPU
		{01C9B533-B3C4-4E6C-97A6-EE78E6A1B46B}.Release|Any CPU.Build.0 = Release|Any CPU
		{8313A359-D8E9-4672-BC25-04C105302DD8}.Debug|Any CPU.ActiveCfg = Debug|Any CPU
		{8313A359-D8E9-4672-BC25-04C105302DD8}.Debug|Any CPU.Build.0 = Debug|Any CPU
		{8313A359-D8E9-4672-BC25-04C105302DD8}.Release|Any CPU.ActiveCfg = Release|Any CPU
		{8313A359-D8E9-4672-BC25-04C105302DD8}.Release|Any CPU.Build.0 = Release|Any CPU
		{D00144F0-8425-42D5-AE7B-F505176E0F3E}.Debug|Any CPU.ActiveCfg = Debug|Any CPU
		{D00144F0-8425-42D5-AE7B-F505176E0F3E}.Debug|Any CPU.Build.0 = Debug|Any CPU
		{D00144F0-8425-42D5-AE7B-F505176E0F3E}.Release|Any CPU.ActiveCfg = Release|Any CPU
		{D00144F0-8425-42D5-AE7B-F505176E0F3E}.Release|Any CPU.Build.0 = Release|Any CPU
		{73C45723-6F34-4369-8649-BFA7D639DEF6}.Debug|Any CPU.ActiveCfg = Debug|Any CPU
		{73C45723-6F34-4369-8649-BFA7D639DEF6}.Debug|Any CPU.Build.0 = Debug|Any CPU
		{73C45723-6F34-4369-8649-BFA7D639DEF6}.Release|Any CPU.ActiveCfg = Release|Any CPU
		{73C45723-6F34-4369-8649-BFA7D639DEF6}.Release|Any CPU.Build.0 = Release|Any CPU
		{5FD7E728-0ED9-4025-B86A-51F80387746B}.Debug|Any CPU.ActiveCfg = Debug|Any CPU
		{5FD7E728-0ED9-4025-B86A-51F80387746B}.Debug|Any CPU.Build.0 = Debug|Any CPU
		{5FD7E728-0ED9-4025-B86A-51F80387746B}.Release|Any CPU.ActiveCfg = Release|Any CPU
		{5FD7E728-0ED9-4025-B86A-51F80387746B}.Release|Any CPU.Build.0 = Release|Any CPU
		{A745B151-4DDA-4C49-818C-CB0859AA8DCB}.Debug|Any CPU.ActiveCfg = Debug|Any CPU
		{A745B151-4DDA-4C49-818C-CB0859AA8DCB}.Debug|Any CPU.Build.0 = Debug|Any CPU
		{A745B151-4DDA-4C49-818C-CB0859AA8DCB}.Release|Any CPU.ActiveCfg = Release|Any CPU
		{A745B151-4DDA-4C49-818C-CB0859AA8DCB}.Release|Any CPU.Build.0 = Release|Any CPU
		{3CBBE691-4A60-4922-BD58-5F92455193DF}.Debug|Any CPU.ActiveCfg = Debug|Any CPU
		{3CBBE691-4A60-4922-BD58-5F92455193DF}.Debug|Any CPU.Build.0 = Debug|Any CPU
		{3CBBE691-4A60-4922-BD58-5F92455193DF}.Release|Any CPU.ActiveCfg = Release|Any CPU
		{3CBBE691-4A60-4922-BD58-5F92455193DF}.Release|Any CPU.Build.0 = Release|Any CPU
		{3839C95D-AC21-4464-9BF9-24E7386A055E}.Debug|Any CPU.ActiveCfg = Debug|Any CPU
		{3839C95D-AC21-4464-9BF9-24E7386A055E}.Debug|Any CPU.Build.0 = Debug|Any CPU
		{3839C95D-AC21-4464-9BF9-24E7386A055E}.Release|Any CPU.ActiveCfg = Release|Any CPU
		{3839C95D-AC21-4464-9BF9-24E7386A055E}.Release|Any CPU.Build.0 = Release|Any CPU
	EndGlobalSection
EndGlobal
